
Microsoft Visual Studio Solution File, Format Version 12.00
# Visual Studio Version 17
VisualStudioVersion = 17.2.32630.192
MinimumVisualStudioVersion = 10.0.40219.1
Project("{9A19103F-16F7-4668-BE54-9A1E7A4F7556}") = "算法", "左神算法\算法.csproj", "{FAC7137F-CAA9-450E-9286-CF9678CFEABA}"
EndProject
Project("{9A19103F-16F7-4668-BE54-9A1E7A4F7556}") = "数据结构", "数据结构\数据结构.csproj", "{E01ECD2C-20F1-45A3-B14D-9DD9B3A00D21}"
EndProject
Project("{9A19103F-16F7-4668-BE54-9A1E7A4F7556}") = "面试题", "面试题\面试题.csproj", "{E4B9B0DA-6620-4C3C-8E72-68E5E92D9710}"
EndProject
Project("{FAE04EC0-301F-11D3-BF4B-00C04F79EFBC}") = "Test", "Test\Test.csproj", "{37585726-F962-4AF6-9C20-7C0C1BD23BDE}"
EndProject
Global
	GlobalSection(SolutionConfigurationPlatforms) = preSolution
		Debug|Any CPU = Debug|Any CPU
		Release|Any CPU = Release|Any CPU
	EndGlobalSection
	GlobalSection(ProjectConfigurationPlatforms) = postSolution
		{FAC7137F-CAA9-450E-9286-CF9678CFEABA}.Debug|Any CPU.ActiveCfg = Debug|Any CPU
		{FAC7137F-CAA9-450E-9286-CF9678CFEABA}.Debug|Any CPU.Build.0 = Debug|Any CPU
		{FAC7137F-CAA9-450E-9286-CF9678CFEABA}.Release|Any CPU.ActiveCfg = Release|Any CPU
		{FAC7137F-CAA9-450E-9286-CF9678CFEABA}.Release|Any CPU.Build.0 = Release|Any CPU
		{E01ECD2C-20F1-45A3-B14D-9DD9B3A00D21}.Debug|Any CPU.ActiveCfg = Debug|Any CPU
		{E01ECD2C-20F1-45A3-B14D-9DD9B3A00D21}.Debug|Any CPU.Build.0 = Debug|Any CPU
		{E01ECD2C-20F1-45A3-B14D-9DD9B3A00D21}.Release|Any CPU.ActiveCfg = Release|Any CPU
		{E01ECD2C-20F1-45A3-B14D-9DD9B3A00D21}.Release|Any CPU.Build.0 = Release|Any CPU
		{E4B9B0DA-6620-4C3C-8E72-68E5E92D9710}.Debug|Any CPU.ActiveCfg = Debug|Any CPU
		{E4B9B0DA-6620-4C3C-8E72-68E5E92D9710}.Debug|Any CPU.Build.0 = Debug|Any CPU
		{E4B9B0DA-6620-4C3C-8E72-68E5E92D9710}.Release|Any CPU.ActiveCfg = Release|Any CPU
		{E4B9B0DA-6620-4C3C-8E72-68E5E92D9710}.Release|Any CPU.Build.0 = Release|Any CPU
		{37585726-F962-4AF6-9C20-7C0C1BD23BDE}.Debug|Any CPU.ActiveCfg = Debug|Any CPU
		{37585726-F962-4AF6-9C20-7C0C1BD23BDE}.Debug|Any CPU.Build.0 = Debug|Any CPU
		{37585726-F962-4AF6-9C20-7C0C1BD23BDE}.Release|Any CPU.ActiveCfg = Release|Any CPU
		{37585726-F962-4AF6-9C20-7C0C1BD23BDE}.Release|Any CPU.Build.0 = Release|Any CPU
	EndGlobalSection
	GlobalSection(SolutionProperties) = preSolution
		HideSolutionNode = FALSE
	EndGlobalSection
	GlobalSection(ExtensibilityGlobals) = postSolution
		SolutionGuid = {B6A446E7-6B76-4F79-A44F-C67545B05C74}
	EndGlobalSection
EndGlobal
